// !$*UTF8*$!
{
	archiveVersion = 1;
	classes = {
	};
	objectVersion = 46;
	objects = {

/* Begin PBXBuildFile section */
		462B5D121DA72672002B6E55 /* AppDelegate.swift in Sources */ = {isa = PBXBuildFile; fileRef = 462B5D111DA72672002B6E55 /* AppDelegate.swift */; };
		462B5D141DA72672002B6E55 /* ViewController.swift in Sources */ = {isa = PBXBuildFile; fileRef = 462B5D131DA72672002B6E55 /* ViewController.swift */; };
		462B5D171DA72672002B6E55 /* Main.storyboard in Resources */ = {isa = PBXBuildFile; fileRef = 462B5D151DA72672002B6E55 /* Main.storyboard */; };
		462B5D191DA72673002B6E55 /* Assets.xcassets in Resources */ = {isa = PBXBuildFile; fileRef = 462B5D181DA72673002B6E55 /* Assets.xcassets */; };
		462B5D1C1DA72673002B6E55 /* LaunchScreen.storyboard in Resources */ = {isa = PBXBuildFile; fileRef = 462B5D1A1DA72673002B6E55 /* LaunchScreen.storyboard */; };
		462B5D271DA72674002B6E55 /* KaokakushiTests.swift in Sources */ = {isa = PBXBuildFile; fileRef = 462B5D261DA72674002B6E55 /* KaokakushiTests.swift */; };
		462B5D321DA72674002B6E55 /* KaokakushiUITests.swift in Sources */ = {isa = PBXBuildFile; fileRef = 462B5D311DA72674002B6E55 /* KaokakushiUITests.swift */; };
		462B5D411DA7270E002B6E55 /* CoreImage.framework in Frameworks */ = {isa = PBXBuildFile; fileRef = 462B5D401DA7270E002B6E55 /* CoreImage.framework */; };
		462B5D431DA72780002B6E55 /* IMG_2465.JPG in Resources */ = {isa = PBXBuildFile; fileRef = 462B5D421DA72780002B6E55 /* IMG_2465.JPG */; };
		462B5D451DA72C8E002B6E55 /* smile1.png in Resources */ = {isa = PBXBuildFile; fileRef = 462B5D441DA72C8E002B6E55 /* smile1.png */; };
		46F8775E1DB0A7FE0095E1A7 /* StampViewController.swift in Sources */ = {isa = PBXBuildFile; fileRef = 46F8775D1DB0A7FE0095E1A7 /* StampViewController.swift */; };
		46F8779A1DB0E53D0095E1A7 /* Stamp.swift in Sources */ = {isa = PBXBuildFile; fileRef = 46F877991DB0E53D0095E1A7 /* Stamp.swift */; };
		46F877A01DB0F42F0095E1A7 /* 5.png in Resources */ = {isa = PBXBuildFile; fileRef = 46F8779B1DB0F42F0095E1A7 /* 5.png */; };
		46F877A11DB0F42F0095E1A7 /* 4.png in Resources */ = {isa = PBXBuildFile; fileRef = 46F8779C1DB0F42F0095E1A7 /* 4.png */; };
		46F877A21DB0F42F0095E1A7 /* 3.png in Resources */ = {isa = PBXBuildFile; fileRef = 46F8779D1DB0F42F0095E1A7 /* 3.png */; };
		46F877A31DB0F42F0095E1A7 /* 2.png in Resources */ = {isa = PBXBuildFile; fileRef = 46F8779E1DB0F42F0095E1A7 /* 2.png */; };
		46F877A41DB0F42F0095E1A7 /* 1.png in Resources */ = {isa = PBXBuildFile; fileRef = 46F8779F1DB0F42F0095E1A7 /* 1.png */; };
/* End PBXBuildFile section */

/* Begin PBXContainerItemProxy section */
		462B5D231DA72674002B6E55 /* PBXContainerItemProxy */ = {
			isa = PBXContainerItemProxy;
			containerPortal = 462B5D061DA72672002B6E55 /* Project object */;
			proxyType = 1;
			remoteGlobalIDString = 462B5D0D1DA72672002B6E55;
			remoteInfo = Kaokakushi;
		};
		462B5D2E1DA72674002B6E55 /* PBXContainerItemProxy */ = {
			isa = PBXContainerItemProxy;
			containerPortal = 462B5D061DA72672002B6E55 /* Project object */;
			proxyType = 1;
			remoteGlobalIDString = 462B5D0D1DA72672002B6E55;
			remoteInfo = Kaokakushi;
		};
/* End PBXContainerItemProxy section */

/* Begin PBXFileReference section */
		462B5D0E1DA72672002B6E55 /* Kaokakushi.app */ = {isa = PBXFileReference; explicitFileType = wrapper.application; includeInIndex = 0; path = Kaokakushi.app; sourceTree = BUILT_PRODUCTS_DIR; };
		462B5D111DA72672002B6E55 /* AppDelegate.swift */ = {isa = PBXFileReference; lastKnownFileType = sourcecode.swift; path = AppDelegate.swift; sourceTree = "<group>"; };
		462B5D131DA72672002B6E55 /* ViewController.swift */ = {isa = PBXFileReference; lastKnownFileType = sourcecode.swift; path = ViewController.swift; sourceTree = "<group>"; };
		462B5D161DA72672002B6E55 /* Base */ = {isa = PBXFileReference; lastKnownFileType = file.storyboard; name = Base; path = Base.lproj/Main.storyboard; sourceTree = "<group>"; };
		462B5D181DA72673002B6E55 /* Assets.xcassets */ = {isa = PBXFileReference; lastKnownFileType = folder.assetcatalog; path = Assets.xcassets; sourceTree = "<group>"; };
		462B5D1B1DA72673002B6E55 /* Base */ = {isa = PBXFileReference; lastKnownFileType = file.storyboard; name = Base; path = Base.lproj/LaunchScreen.storyboard; sourceTree = "<group>"; };
		462B5D1D1DA72673002B6E55 /* Info.plist */ = {isa = PBXFileReference; lastKnownFileType = text.plist.xml; path = Info.plist; sourceTree = "<group>"; };
		462B5D221DA72674002B6E55 /* KaokakushiTests.xctest */ = {isa = PBXFileReference; explicitFileType = wrapper.cfbundle; includeInIndex = 0; path = KaokakushiTests.xctest; sourceTree = BUILT_PRODUCTS_DIR; };
		462B5D261DA72674002B6E55 /* KaokakushiTests.swift */ = {isa = PBXFileReference; lastKnownFileType = sourcecode.swift; path = KaokakushiTests.swift; sourceTree = "<group>"; };
		462B5D281DA72674002B6E55 /* Info.plist */ = {isa = PBXFileReference; lastKnownFileType = text.plist.xml; path = Info.plist; sourceTree = "<group>"; };
		462B5D2D1DA72674002B6E55 /* KaokakushiUITests.xctest */ = {isa = PBXFileReference; explicitFileType = wrapper.cfbundle; includeInIndex = 0; path = KaokakushiUITests.xctest; sourceTree = BUILT_PRODUCTS_DIR; };
		462B5D311DA72674002B6E55 /* KaokakushiUITests.swift */ = {isa = PBXFileReference; lastKnownFileType = sourcecode.swift; path = KaokakushiUITests.swift; sourceTree = "<group>"; };
		462B5D331DA72674002B6E55 /* Info.plist */ = {isa = PBXFileReference; lastKnownFileType = text.plist.xml; path = Info.plist; sourceTree = "<group>"; };
		462B5D401DA7270E002B6E55 /* CoreImage.framework */ = {isa = PBXFileReference; lastKnownFileType = wrapper.framework; name = CoreImage.framework; path = System/Library/Frameworks/CoreImage.framework; sourceTree = SDKROOT; };
		462B5D421DA72780002B6E55 /* IMG_2465.JPG */ = {isa = PBXFileReference; lastKnownFileType = image.jpeg; path = IMG_2465.JPG; sourceTree = "<group>"; };
		462B5D441DA72C8E002B6E55 /* smile1.png */ = {isa = PBXFileReference; lastKnownFileType = image.png; path = smile1.png; sourceTree = "<group>"; };
		46F8775D1DB0A7FE0095E1A7 /* StampViewController.swift */ = {isa = PBXFileReference; fileEncoding = 4; lastKnownFileType = sourcecode.swift; path = StampViewController.swift; sourceTree = "<group>"; };
		46F877991DB0E53D0095E1A7 /* Stamp.swift */ = {isa = PBXFileReference; fileEncoding = 4; lastKnownFileType = sourcecode.swift; path = Stamp.swift; sourceTree = "<group>"; };
		46F8779B1DB0F42F0095E1A7 /* 5.png */ = {isa = PBXFileReference; lastKnownFileType = image.png; path = 5.png; sourceTree = "<group>"; };
		46F8779C1DB0F42F0095E1A7 /* 4.png */ = {isa = PBXFileReference; lastKnownFileType = image.png; path = 4.png; sourceTree = "<group>"; };
		46F8779D1DB0F42F0095E1A7 /* 3.png */ = {isa = PBXFileReference; lastKnownFileType = image.png; path = 3.png; sourceTree = "<group>"; };
		46F8779E1DB0F42F0095E1A7 /* 2.png */ = {isa = PBXFileReference; lastKnownFileType = image.png; path = 2.png; sourceTree = "<group>"; };
		46F8779F1DB0F42F0095E1A7 /* 1.png */ = {isa = PBXFileReference; lastKnownFileType = image.png; path = 1.png; sourceTree = "<group>"; };
/* End PBXFileReference section */

/* Begin PBXFrameworksBuildPhase section */
		462B5D0B1DA72672002B6E55 /* Frameworks */ = {
			isa = PBXFrameworksBuildPhase;
			buildActionMask = 2147483647;
			files = (
				462B5D411DA7270E002B6E55 /* CoreImage.framework in Frameworks */,
			);
			runOnlyForDeploymentPostprocessing = 0;
		};
		462B5D1F1DA72674002B6E55 /* Frameworks */ = {
			isa = PBXFrameworksBuildPhase;
			buildActionMask = 2147483647;
			files = (
			);
			runOnlyForDeploymentPostprocessing = 0;
		};
		462B5D2A1DA72674002B6E55 /* Frameworks */ = {
			isa = PBXFrameworksBuildPhase;
			buildActionMask = 2147483647;
			files = (
			);
			runOnlyForDeploymentPostprocessing = 0;
		};
/* End PBXFrameworksBuildPhase section */

/* Begin PBXGroup section */
		462B5D051DA72672002B6E55 = {
			isa = PBXGroup;
			children = (
				462B5D101DA72672002B6E55 /* Kaokakushi */,
				462B5D251DA72674002B6E55 /* KaokakushiTests */,
				462B5D301DA72674002B6E55 /* KaokakushiUITests */,
				462B5D0F1DA72672002B6E55 /* Products */,
				462B5D3F1DA7270E002B6E55 /* Frameworks */,
			);
			sourceTree = "<group>";
		};
		462B5D0F1DA72672002B6E55 /* Products */ = {
			isa = PBXGroup;
			children = (
				462B5D0E1DA72672002B6E55 /* Kaokakushi.app */,
				462B5D221DA72674002B6E55 /* KaokakushiTests.xctest */,
				462B5D2D1DA72674002B6E55 /* KaokakushiUITests.xctest */,
			);
			name = Products;
			sourceTree = "<group>";
		};
		462B5D101DA72672002B6E55 /* Kaokakushi */ = {
			isa = PBXGroup;
			children = (
				46F877A51DB0F4380095E1A7 /* image */,
				462B5D111DA72672002B6E55 /* AppDelegate.swift */,
				462B5D131DA72672002B6E55 /* ViewController.swift */,
				462B5D441DA72C8E002B6E55 /* smile1.png */,
				46F8775D1DB0A7FE0095E1A7 /* StampViewController.swift */,
				462B5D151DA72672002B6E55 /* Main.storyboard */,
				462B5D421DA72780002B6E55 /* IMG_2465.JPG */,
				46F877991DB0E53D0095E1A7 /* Stamp.swift */,
				462B5D181DA72673002B6E55 /* Assets.xcassets */,
				462B5D1A1DA72673002B6E55 /* LaunchScreen.storyboard */,
				462B5D1D1DA72673002B6E55 /* Info.plist */,
			);
			path = Kaokakushi;
			sourceTree = "<group>";
		};
		462B5D251DA72674002B6E55 /* KaokakushiTests */ = {
			isa = PBXGroup;
			children = (
				462B5D261DA72674002B6E55 /* KaokakushiTests.swift */,
				462B5D281DA72674002B6E55 /* Info.plist */,
			);
			path = KaokakushiTests;
			sourceTree = "<group>";
		};
		462B5D301DA72674002B6E55 /* KaokakushiUITests */ = {
			isa = PBXGroup;
			children = (
				462B5D311DA72674002B6E55 /* KaokakushiUITests.swift */,
				462B5D331DA72674002B6E55 /* Info.plist */,
			);
			path = KaokakushiUITests;
			sourceTree = "<group>";
		};
		462B5D3F1DA7270E002B6E55 /* Frameworks */ = {
			isa = PBXGroup;
			children = (
				462B5D401DA7270E002B6E55 /* CoreImage.framework */,
			);
			name = Frameworks;
			sourceTree = "<group>";
		};
		46F877A51DB0F4380095E1A7 /* image */ = {
			isa = PBXGroup;
			children = (
				46F8779B1DB0F42F0095E1A7 /* 5.png */,
				46F8779C1DB0F42F0095E1A7 /* 4.png */,
				46F8779D1DB0F42F0095E1A7 /* 3.png */,
				46F8779E1DB0F42F0095E1A7 /* 2.png */,
				46F8779F1DB0F42F0095E1A7 /* 1.png */,
			);
			name = image;
			sourceTree = "<group>";
		};
/* End PBXGroup section */

/* Begin PBXNativeTarget section */
		462B5D0D1DA72672002B6E55 /* Kaokakushi */ = {
			isa = PBXNativeTarget;
			buildConfigurationList = 462B5D361DA72674002B6E55 /* Build configuration list for PBXNativeTarget "Kaokakushi" */;
			buildPhases = (
				462B5D0A1DA72672002B6E55 /* Sources */,
				462B5D0B1DA72672002B6E55 /* Frameworks */,
				462B5D0C1DA72672002B6E55 /* Resources */,
			);
			buildRules = (
			);
			dependencies = (
			);
			name = Kaokakushi;
			productName = Kaokakushi;
			productReference = 462B5D0E1DA72672002B6E55 /* Kaokakushi.app */;
			productType = "com.apple.product-type.application";
		};
		462B5D211DA72674002B6E55 /* KaokakushiTests */ = {
			isa = PBXNativeTarget;
			buildConfigurationList = 462B5D391DA72674002B6E55 /* Build configuration list for PBXNativeTarget "KaokakushiTests" */;
			buildPhases = (
				462B5D1E1DA72674002B6E55 /* Sources */,
				462B5D1F1DA72674002B6E55 /* Frameworks */,
				462B5D201DA72674002B6E55 /* Resources */,
			);
			buildRules = (
			);
			dependencies = (
				462B5D241DA72674002B6E55 /* PBXTargetDependency */,
			);
			name = KaokakushiTests;
			productName = KaokakushiTests;
			productReference = 462B5D221DA72674002B6E55 /* KaokakushiTests.xctest */;
			productType = "com.apple.product-type.bundle.unit-test";
		};
		462B5D2C1DA72674002B6E55 /* KaokakushiUITests */ = {
			isa = PBXNativeTarget;
			buildConfigurationList = 462B5D3C1DA72674002B6E55 /* Build configuration list for PBXNativeTarget "KaokakushiUITests" */;
			buildPhases = (
				462B5D291DA72674002B6E55 /* Sources */,
				462B5D2A1DA72674002B6E55 /* Frameworks */,
				462B5D2B1DA72674002B6E55 /* Resources */,
			);
			buildRules = (
			);
			dependencies = (
				462B5D2F1DA72674002B6E55 /* PBXTargetDependency */,
			);
			name = KaokakushiUITests;
			productName = KaokakushiUITests;
			productReference = 462B5D2D1DA72674002B6E55 /* KaokakushiUITests.xctest */;
			productType = "com.apple.product-type.bundle.ui-testing";
		};
/* End PBXNativeTarget section */

/* Begin PBXProject section */
		462B5D061DA72672002B6E55 /* Project object */ = {
			isa = PBXProject;
			attributes = {
				LastSwiftUpdateCheck = 0800;
				LastUpgradeCheck = 0800;
				ORGANIZATIONNAME = watakemi725;
				TargetAttributes = {
					462B5D0D1DA72672002B6E55 = {
						CreatedOnToolsVersion = 8.0;
						DevelopmentTeam = WQXZ564XF2;
						LastSwiftMigration = 0830;
						ProvisioningStyle = Automatic;
					};
					462B5D211DA72674002B6E55 = {
						CreatedOnToolsVersion = 8.0;
						DevelopmentTeam = WQXZ564XF2;
						LastSwiftMigration = 0830;
						ProvisioningStyle = Automatic;
						TestTargetID = 462B5D0D1DA72672002B6E55;
					};
					462B5D2C1DA72674002B6E55 = {
						CreatedOnToolsVersion = 8.0;
						DevelopmentTeam = WQXZ564XF2;
						LastSwiftMigration = 0830;
						ProvisioningStyle = Automatic;
						TestTargetID = 462B5D0D1DA72672002B6E55;
					};
				};
			};
			buildConfigurationList = 462B5D091DA72672002B6E55 /* Build configuration list for PBXProject "Kaokakushi" */;
			compatibilityVersion = "Xcode 3.2";
			developmentRegion = English;
			hasScannedForEncodings = 0;
			knownRegions = (
				en,
				Base,
			);
			mainGroup = 462B5D051DA72672002B6E55;
			productRefGroup = 462B5D0F1DA72672002B6E55 /* Products */;
			projectDirPath = "";
			projectRoot = "";
			targets = (
				462B5D0D1DA72672002B6E55 /* Kaokakushi */,
				462B5D211DA72674002B6E55 /* KaokakushiTests */,
				462B5D2C1DA72674002B6E55 /* KaokakushiUITests */,
			);
		};
/* End PBXProject section */

/* Begin PBXResourcesBuildPhase section */
		462B5D0C1DA72672002B6E55 /* Resources */ = {
			isa = PBXResourcesBuildPhase;
			buildActionMask = 2147483647;
			files = (
				462B5D431DA72780002B6E55 /* IMG_2465.JPG in Resources */,
				46F877A21DB0F42F0095E1A7 /* 3.png in Resources */,
				462B5D1C1DA72673002B6E55 /* LaunchScreen.storyboard in Resources */,
				46F877A11DB0F42F0095E1A7 /* 4.png in Resources */,
				46F877A01DB0F42F0095E1A7 /* 5.png in Resources */,
				462B5D191DA72673002B6E55 /* Assets.xcassets in Resources */,
				46F877A31DB0F42F0095E1A7 /* 2.png in Resources */,
				462B5D451DA72C8E002B6E55 /* smile1.png in Resources */,
				46F877A41DB0F42F0095E1A7 /* 1.png in Resources */,
				462B5D171DA72672002B6E55 /* Main.storyboard in Resources */,
			);
			runOnlyForDeploymentPostprocessing = 0;
		};
		462B5D201DA72674002B6E55 /* Resources */ = {
			isa = PBXResourcesBuildPhase;
			buildActionMask = 2147483647;
			files = (
			);
			runOnlyForDeploymentPostprocessing = 0;
		};
		462B5D2B1DA72674002B6E55 /* Resources */ = {
			isa = PBXResourcesBuildPhase;
			buildActionMask = 2147483647;
			files = (
			);
			runOnlyForDeploymentPostprocessing = 0;
		};
/* End PBXResourcesBuildPhase section */

/* Begin PBXSourcesBuildPhase section */
		462B5D0A1DA72672002B6E55 /* Sources */ = {
			isa = PBXSourcesBuildPhase;
			buildActionMask = 2147483647;
			files = (
				46F8775E1DB0A7FE0095E1A7 /* StampViewController.swift in Sources */,
				462B5D141DA72672002B6E55 /* ViewController.swift in Sources */,
				462B5D121DA72672002B6E55 /* AppDelegate.swift in Sources */,
				46F8779A1DB0E53D0095E1A7 /* Stamp.swift in Sources */,
			);
			runOnlyForDeploymentPostprocessing = 0;
		};
		462B5D1E1DA72674002B6E55 /* Sources */ = {
			isa = PBXSourcesBuildPhase;
			buildActionMask = 2147483647;
			files = (
				462B5D271DA72674002B6E55 /* KaokakushiTests.swift in Sources */,
			);
			runOnlyForDeploymentPostprocessing = 0;
		};
		462B5D291DA72674002B6E55 /* Sources */ = {
			isa = PBXSourcesBuildPhase;
			buildActionMask = 2147483647;
			files = (
				462B5D321DA72674002B6E55 /* KaokakushiUITests.swift in Sources */,
			);
			runOnlyForDeploymentPostprocessing = 0;
		};
/* End PBXSourcesBuildPhase section */

/* Begin PBXTargetDependency section */
		462B5D241DA72674002B6E55 /* PBXTargetDependency */ = {
			isa = PBXTargetDependency;
			target = 462B5D0D1DA72672002B6E55 /* Kaokakushi */;
			targetProxy = 462B5D231DA72674002B6E55 /* PBXContainerItemProxy */;
		};
		462B5D2F1DA72674002B6E55 /* PBXTargetDependency */ = {
			isa = PBXTargetDependency;
			target = 462B5D0D1DA72672002B6E55 /* Kaokakushi */;
			targetProxy = 462B5D2E1DA72674002B6E55 /* PBXContainerItemProxy */;
		};
/* End PBXTargetDependency section */

/* Begin PBXVariantGroup section */
		462B5D151DA72672002B6E55 /* Main.storyboard */ = {
			isa = PBXVariantGroup;
			children = (
				462B5D161DA72672002B6E55 /* Base */,
			);
			name = Main.storyboard;
			sourceTree = "<group>";
		};
		462B5D1A1DA72673002B6E55 /* LaunchScreen.storyboard */ = {
			isa = PBXVariantGroup;
			children = (
				462B5D1B1DA72673002B6E55 /* Base */,
			);
			name = LaunchScreen.storyboard;
			sourceTree = "<group>";
		};
/* End PBXVariantGroup section */

/* Begin XCBuildConfiguration section */
		462B5D341DA72674002B6E55 /* Debug */ = {
			isa = XCBuildConfiguration;
			buildSettings = {
				ALWAYS_SEARCH_USER_PATHS = NO;
				CLANG_ANALYZER_NONNULL = YES;
				CLANG_CXX_LANGUAGE_STANDARD = "gnu++0x";
				CLANG_CXX_LIBRARY = "libc++";
				CLANG_ENABLE_MODULES = YES;
				CLANG_ENABLE_OBJC_ARC = YES;
				CLANG_WARN_BOOL_CONVERSION = YES;
				CLANG_WARN_CONSTANT_CONVERSION = YES;
				CLANG_WARN_DIRECT_OBJC_ISA_USAGE = YES_ERROR;
				CLANG_WARN_DOCUMENTATION_COMMENTS = YES;
				CLANG_WARN_EMPTY_BODY = YES;
				CLANG_WARN_ENUM_CONVERSION = YES;
				CLANG_WARN_INFINITE_RECURSION = YES;
				CLANG_WARN_INT_CONVERSION = YES;
				CLANG_WARN_OBJC_ROOT_CLASS = YES_ERROR;
				CLANG_WARN_SUSPICIOUS_MOVES = YES;
				CLANG_WARN_UNREACHABLE_CODE = YES;
				CLANG_WARN__DUPLICATE_METHOD_MATCH = YES;
				"CODE_SIGN_IDENTITY[sdk=iphoneos*]" = "iPhone Developer";
				COPY_PHASE_STRIP = NO;
				DEBUG_INFORMATION_FORMAT = dwarf;
				ENABLE_STRICT_OBJC_MSGSEND = YES;
				ENABLE_TESTABILITY = YES;
				GCC_C_LANGUAGE_STANDARD = gnu99;
				GCC_DYNAMIC_NO_PIC = NO;
				GCC_NO_COMMON_BLOCKS = YES;
				GCC_OPTIMIZATION_LEVEL = 0;
				GCC_PREPROCESSOR_DEFINITIONS = (
					"DEBUG=1",
					"$(inherited)",
				);
				GCC_WARN_64_TO_32_BIT_CONVERSION = YES;
				GCC_WARN_ABOUT_RETURN_TYPE = YES_ERROR;
				GCC_WARN_UNDECLARED_SELECTOR = YES;
				GCC_WARN_UNINITIALIZED_AUTOS = YES_AGGRESSIVE;
				GCC_WARN_UNUSED_FUNCTION = YES;
				GCC_WARN_UNUSED_VARIABLE = YES;
				IPHONEOS_DEPLOYMENT_TARGET = 10.0;
				MTL_ENABLE_DEBUG_INFO = YES;
				ONLY_ACTIVE_ARCH = YES;
				SDKROOT = iphoneos;
				SWIFT_ACTIVE_COMPILATION_CONDITIONS = DEBUG;
				SWIFT_OPTIMIZATION_LEVEL = "-Onone";
			};
			name = Debug;
		};
		462B5D351DA72674002B6E55 /* Release */ = {
			isa = XCBuildConfiguration;
			buildSettings = {
				ALWAYS_SEARCH_USER_PATHS = NO;
				CLANG_ANALYZER_NONNULL = YES;
				CLANG_CXX_LANGUAGE_STANDARD = "gnu++0x";
				CLANG_CXX_LIBRARY = "libc++";
				CLANG_ENABLE_MODULES = YES;
				CLANG_ENABLE_OBJC_ARC = YES;
				CLANG_WARN_BOOL_CONVERSION = YES;
				CLANG_WARN_CONSTANT_CONVERSION = YES;
				CLANG_WARN_DIRECT_OBJC_ISA_USAGE = YES_ERROR;
				CLANG_WARN_DOCUMENTATION_COMMENTS = YES;
				CLANG_WARN_EMPTY_BODY = YES;
				CLANG_WARN_ENUM_CONVERSION = YES;
				CLANG_WARN_INFINITE_RECURSION = YES;
				CLANG_WARN_INT_CONVERSION = YES;
				CLANG_WARN_OBJC_ROOT_CLASS = YES_ERROR;
				CLANG_WARN_SUSPICIOUS_MOVES = YES;
				CLANG_WARN_UNREACHABLE_CODE = YES;
				CLANG_WARN__DUPLICATE_METHOD_MATCH = YES;
				"CODE_SIGN_IDENTITY[sdk=iphoneos*]" = "iPhone Developer";
				COPY_PHASE_STRIP = NO;
				DEBUG_INFORMATION_FORMAT = "dwarf-with-dsym";
				ENABLE_NS_ASSERTIONS = NO;
				ENABLE_STRICT_OBJC_MSGSEND = YES;
				GCC_C_LANGUAGE_STANDARD = gnu99;
				GCC_NO_COMMON_BLOCKS = YES;
				GCC_WARN_64_TO_32_BIT_CONVERSION = YES;
				GCC_WARN_ABOUT_RETURN_TYPE = YES_ERROR;
				GCC_WARN_UNDECLARED_SELECTOR = YES;
				GCC_WARN_UNINITIALIZED_AUTOS = YES_AGGRESSIVE;
				GCC_WARN_UNUSED_FUNCTION = YES;
				GCC_WARN_UNUSED_VARIABLE = YES;
				IPHONEOS_DEPLOYMENT_TARGET = 10.0;
				MTL_ENABLE_DEBUG_INFO = NO;
				SDKROOT = iphoneos;
				SWIFT_OPTIMIZATION_LEVEL = "-Owholemodule";
				VALIDATE_PRODUCT = YES;
			};
			name = Release;
		};
		462B5D371DA72674002B6E55 /* Debug */ = {
			isa = XCBuildConfiguration;
			buildSettings = {
				ASSETCATALOG_COMPILER_APPICON_NAME = AppIcon;
				DEVELOPMENT_TEAM = WQXZ564XF2;
				INFOPLIST_FILE = Kaokakushi/Info.plist;
				IPHONEOS_DEPLOYMENT_TARGET = 9.3;
				LD_RUNPATH_SEARCH_PATHS = "$(inherited) @executable_path/Frameworks";
				PRODUCT_BUNDLE_IDENTIFIER = KK.watakemi725.Kaokakushi;
				PRODUCT_NAME = "$(TARGET_NAME)";
				SWIFT_VERSION = 3.0;
			};
			name = Debug;
		};
		462B5D381DA72674002B6E55 /* Release */ = {
			isa = XCBuildConfiguration;
			buildSettings = {
				ASSETCATALOG_COMPILER_APPICON_NAME = AppIcon;
				DEVELOPMENT_TEAM = WQXZ564XF2;
				INFOPLIST_FILE = Kaokakushi/Info.plist;
				IPHONEOS_DEPLOYMENT_TARGET = 9.3;
				LD_RUNPATH_SEARCH_PATHS = "$(inherited) @executable_path/Frameworks";
				PRODUCT_BUNDLE_IDENTIFIER = KK.watakemi725.Kaokakushi;
				PRODUCT_NAME = "$(TARGET_NAME)";
				SWIFT_VERSION = 3.0;
			};
			name = Release;
		};
		462B5D3A1DA72674002B6E55 /* Debug */ = {
			isa = XCBuildConfiguration;
			buildSettings = {
				ALWAYS_EMBED_SWIFT_STANDARD_LIBRARIES = YES;
				BUNDLE_LOADER = "$(TEST_HOST)";
				DEVELOPMENT_TEAM = WQXZ564XF2;
				INFOPLIST_FILE = KaokakushiTests/Info.plist;
				LD_RUNPATH_SEARCH_PATHS = "$(inherited) @executable_path/Frameworks @loader_path/Frameworks";
				PRODUCT_BUNDLE_IDENTIFIER = KK.watakemi725.KaokakushiTests;
				PRODUCT_NAME = "$(TARGET_NAME)";
				SWIFT_VERSION = 3.0;
				TEST_HOST = "$(BUILT_PRODUCTS_DIR)/Kaokakushi.app/Kaokakushi";
			};
			name = Debug;
		};
		462B5D3B1DA72674002B6E55 /* Release */ = {
			isa = XCBuildConfiguration;
			buildSettings = {
				ALWAYS_EMBED_SWIFT_STANDARD_LIBRARIES = YES;
				BUNDLE_LOADER = "$(TEST_HOST)";
				DEVELOPMENT_TEAM = WQXZ564XF2;
				INFOPLIST_FILE = KaokakushiTests/Info.plist;
				LD_RUNPATH_SEARCH_PATHS = "$(inherited) @executable_path/Frameworks @loader_path/Frameworks";
				PRODUCT_BUNDLE_IDENTIFIER = KK.watakemi725.KaokakushiTests;
				PRODUCT_NAME = "$(TARGET_NAME)";
				SWIFT_VERSION = 3.0;
				TEST_HOST = "$(BUILT_PRODUCTS_DIR)/Kaokakushi.app/Kaokakushi";
			};
			name = Release;
		};
		462B5D3D1DA72674002B6E55 /* Debug */ = {
			isa = XCBuildConfiguration;
			buildSettings = {
				ALWAYS_EMBED_SWIFT_STANDARD_LIBRARIES = YES;
				DEVELOPMENT_TEAM = WQXZ564XF2;
				INFOPLIST_FILE = KaokakushiUITests/Info.plist;
				LD_RUNPATH_SEARCH_PATHS = "$(inherited) @executable_path/Frameworks @loader_path/Frameworks";
				PRODUCT_BUNDLE_IDENTIFIER = KK.watakemi725.KaokakushiUITests;
				PRODUCT_NAME = "$(TARGET_NAME)";
				SWIFT_VERSION = 3.0;
				TEST_TARGET_NAME = Kaokakushi;
			};
			name = Debug;
		};
		462B5D3E1DA72674002B6E55 /* Release */ = {
			isa = XCBuildConfiguration;
			buildSettings = {
				ALWAYS_EMBED_SWIFT_STANDARD_LIBRARIES = YES;
				DEVELOPMENT_TEAM = WQXZ564XF2;
				INFOPLIST_FILE = KaokakushiUITests/Info.plist;
				LD_RUNPATH_SEARCH_PATHS = "$(inherited) @executable_path/Frameworks @loader_path/Frameworks";
				PRODUCT_BUNDLE_IDENTIFIER = KK.watakemi725.KaokakushiUITests;
				PRODUCT_NAME = "$(TARGET_NAME)";
				SWIFT_VERSION = 3.0;
				TEST_TARGET_NAME = Kaokakushi;
			};
			name = Release;
		};
/* End XCBuildConfiguration section */

/* Begin XCConfigurationList section */
		462B5D091DA72672002B6E55 /* Build configuration list for PBXProject "Kaokakushi" */ = {
			isa = XCConfigurationList;
			buildConfigurations = (
				462B5D341DA72674002B6E55 /* Debug */,
				462B5D351DA72674002B6E55 /* Release */,
			);
			defaultConfigurationIsVisible = 0;
			defaultConfigurationName = Release;
		};
		462B5D361DA72674002B6E55 /* Build configuration list for PBXNativeTarget "Kaokakushi" */ = {
			isa = XCConfigurationList;
			buildConfigurations = (
				462B5D371DA72674002B6E55 /* Debug */,
				462B5D381DA72674002B6E55 /* Release */,
			);
			defaultConfigurationIsVisible = 0;
			defaultConfigurationName = Release;
		};
		462B5D391DA72674002B6E55 /* Build configuration list for PBXNativeTarget "KaokakushiTests" */ = {
			isa = XCConfigurationList;
			buildConfigurations = (
				462B5D3A1DA72674002B6E55 /* Debug */,
				462B5D3B1DA72674002B6E55 /* Release */,
			);
			defaultConfigurationIsVisible = 0;
			defaultConfigurationName = Release;
		};
		462B5D3C1DA72674002B6E55 /* Build configuration list for PBXNativeTarget "KaokakushiUITests" */ = {
			isa = XCConfigurationList;
			buildConfigurations = (
				462B5D3D1DA72674002B6E55 /* Debug */,
				462B5D3E1DA72674002B6E55 /* Release */,
			);
			defaultConfigurationIsVisible = 0;
			defaultConfigurationName = Release;
		};
/* End XCConfigurationList section */
	};
	rootObject = 462B5D061DA72672002B6E55 /* Project object */;
}
